// !$*UTF8*$!
{
	archiveVersion = 1;
	classes = {
	};
	objectVersion = 56;
	objects = {

/* Begin PBXBuildFile section */
		0A28BC4F2910E27B00AE0B30 /* AppDelegate.swift in Sources */ = {isa = PBXBuildFile; fileRef = 0A28BC4E2910E27B00AE0B30 /* AppDelegate.swift */; };
		0A28BC532910E27B00AE0B30 /* FilesViewController.swift in Sources */ = {isa = PBXBuildFile; fileRef = 0A28BC522910E27B00AE0B30 /* FilesViewController.swift */; };
		0A28BC582910E27C00AE0B30 /* Assets.xcassets in Resources */ = {isa = PBXBuildFile; fileRef = 0A28BC572910E27C00AE0B30 /* Assets.xcassets */; };
		0A42502E291CD9ED00090DD2 /* MainCoordinator.swift in Sources */ = {isa = PBXBuildFile; fileRef = 0A42502D291CD9ED00090DD2 /* MainCoordinator.swift */; };
		0A425031291CDB6600090DD2 /* CoordinatorProtocol.swift in Sources */ = {isa = PBXBuildFile; fileRef = 0A425030291CDB6600090DD2 /* CoordinatorProtocol.swift */; };
		0A425033291CE09F00090DD2 /* MainTabBarViewController.swift in Sources */ = {isa = PBXBuildFile; fileRef = 0A425032291CE09F00090DD2 /* MainTabBarViewController.swift */; };
		0A425036291E4A7E00090DD2 /* LoginViewController.swift in Sources */ = {isa = PBXBuildFile; fileRef = 0A425035291E4A7E00090DD2 /* LoginViewController.swift */; };
		0A425039291E4E9C00090DD2 /* ScreenFlow.swift in Sources */ = {isa = PBXBuildFile; fileRef = 0A425038291E4E9C00090DD2 /* ScreenFlow.swift */; };
		0A42503B2921454300090DD2 /* SettingsViewController.swift in Sources */ = {isa = PBXBuildFile; fileRef = 0A42503A2921454300090DD2 /* SettingsViewController.swift */; };
		0A42503D292148C300090DD2 /* CustomButton.swift in Sources */ = {isa = PBXBuildFile; fileRef = 0A42503C292148C300090DD2 /* CustomButton.swift */; };
		0A42503F29236D0E00090DD2 /* KeyChainService.swift in Sources */ = {isa = PBXBuildFile; fileRef = 0A42503E29236D0E00090DD2 /* KeyChainService.swift */; };
/* End PBXBuildFile section */

/* Begin PBXFileReference section */
		0A28BC4B2910E27B00AE0B30 /* Netology.iosdb.app */ = {isa = PBXFileReference; explicitFileType = wrapper.application; includeInIndex = 0; path = Netology.iosdb.app; sourceTree = BUILT_PRODUCTS_DIR; };
		0A28BC4E2910E27B00AE0B30 /* AppDelegate.swift */ = {isa = PBXFileReference; lastKnownFileType = sourcecode.swift; path = AppDelegate.swift; sourceTree = "<group>"; };
		0A28BC522910E27B00AE0B30 /* FilesViewController.swift */ = {isa = PBXFileReference; lastKnownFileType = sourcecode.swift; path = FilesViewController.swift; sourceTree = "<group>"; };
		0A28BC572910E27C00AE0B30 /* Assets.xcassets */ = {isa = PBXFileReference; lastKnownFileType = folder.assetcatalog; path = Assets.xcassets; sourceTree = "<group>"; };
		0A28BC5C2910E27C00AE0B30 /* Info.plist */ = {isa = PBXFileReference; lastKnownFileType = text.plist.xml; path = Info.plist; sourceTree = "<group>"; };
		0A42502D291CD9ED00090DD2 /* MainCoordinator.swift */ = {isa = PBXFileReference; lastKnownFileType = sourcecode.swift; path = MainCoordinator.swift; sourceTree = "<group>"; };
		0A425030291CDB6600090DD2 /* CoordinatorProtocol.swift */ = {isa = PBXFileReference; lastKnownFileType = sourcecode.swift; path = CoordinatorProtocol.swift; sourceTree = "<group>"; };
		0A425032291CE09F00090DD2 /* MainTabBarViewController.swift */ = {isa = PBXFileReference; lastKnownFileType = sourcecode.swift; path = MainTabBarViewController.swift; sourceTree = "<group>"; };
		0A425035291E4A7E00090DD2 /* LoginViewController.swift */ = {isa = PBXFileReference; lastKnownFileType = sourcecode.swift; path = LoginViewController.swift; sourceTree = "<group>"; };
		0A425038291E4E9C00090DD2 /* ScreenFlow.swift */ = {isa = PBXFileReference; fileEncoding = 4; lastKnownFileType = sourcecode.swift; path = ScreenFlow.swift; sourceTree = "<group>"; };
		0A42503A2921454300090DD2 /* SettingsViewController.swift */ = {isa = PBXFileReference; lastKnownFileType = sourcecode.swift; path = SettingsViewController.swift; sourceTree = "<group>"; };
		0A42503C292148C300090DD2 /* CustomButton.swift */ = {isa = PBXFileReference; fileEncoding = 4; lastKnownFileType = sourcecode.swift; path = CustomButton.swift; sourceTree = "<group>"; };
		0A42503E29236D0E00090DD2 /* KeyChainService.swift */ = {isa = PBXFileReference; lastKnownFileType = sourcecode.swift; path = KeyChainService.swift; sourceTree = "<group>"; };
/* End PBXFileReference section */

/* Begin PBXFrameworksBuildPhase section */
		0A28BC482910E27B00AE0B30 /* Frameworks */ = {
			isa = PBXFrameworksBuildPhase;
			buildActionMask = 2147483647;
			files = (
			);
			runOnlyForDeploymentPostprocessing = 0;
		};
/* End PBXFrameworksBuildPhase section */

/* Begin PBXGroup section */
		0A28BC422910E27B00AE0B30 = {
			isa = PBXGroup;
			children = (
				0A28BC4D2910E27B00AE0B30 /* Netology.iosdb */,
				0A28BC4C2910E27B00AE0B30 /* Products */,
			);
			sourceTree = "<group>";
		};
		0A28BC4C2910E27B00AE0B30 /* Products */ = {
			isa = PBXGroup;
			children = (
				0A28BC4B2910E27B00AE0B30 /* Netology.iosdb.app */,
			);
			name = Products;
			sourceTree = "<group>";
		};
		0A28BC4D2910E27B00AE0B30 /* Netology.iosdb */ = {
			isa = PBXGroup;
			children = (
				0A425037291E4E8200090DD2 /* Factory */,
				0A425034291E4A1700090DD2 /* Access */,
				0A28BC4E2910E27B00AE0B30 /* AppDelegate.swift */,
				0A28BC522910E27B00AE0B30 /* FilesViewController.swift */,
				0A42503A2921454300090DD2 /* SettingsViewController.swift */,
				0A42502F291CDB3900090DD2 /* Coordinators */,
				0A28BC572910E27C00AE0B30 /* Assets.xcassets */,
				0A28BC5C2910E27C00AE0B30 /* Info.plist */,
			);
			path = Netology.iosdb;
			sourceTree = "<group>";
		};
		0A42502F291CDB3900090DD2 /* Coordinators */ = {
			isa = PBXGroup;
			children = (
				0A42502D291CD9ED00090DD2 /* MainCoordinator.swift */,
				0A425030291CDB6600090DD2 /* CoordinatorProtocol.swift */,
			);
			path = Coordinators;
			sourceTree = "<group>";
		};
		0A425034291E4A1700090DD2 /* Access */ = {
			isa = PBXGroup;
			children = (
				0A425035291E4A7E00090DD2 /* LoginViewController.swift */,
				0A42503E29236D0E00090DD2 /* KeyChainService.swift */,
			);
			path = Access;
			sourceTree = "<group>";
		};
		0A425037291E4E8200090DD2 /* Factory */ = {
			isa = PBXGroup;
			children = (
				0A425032291CE09F00090DD2 /* MainTabBarViewController.swift */,
				0A42503C292148C300090DD2 /* CustomButton.swift */,
				0A425038291E4E9C00090DD2 /* ScreenFlow.swift */,
			);
			path = Factory;
			sourceTree = "<group>";
		};
/* End PBXGroup section */

/* Begin PBXNativeTarget section */
		0A28BC4A2910E27B00AE0B30 /* Netology.iosdb */ = {
			isa = PBXNativeTarget;
			buildConfigurationList = 0A28BC5F2910E27C00AE0B30 /* Build configuration list for PBXNativeTarget "Netology.iosdb" */;
			buildPhases = (
				0A28BC472910E27B00AE0B30 /* Sources */,
				0A28BC482910E27B00AE0B30 /* Frameworks */,
				0A28BC492910E27B00AE0B30 /* Resources */,
			);
			buildRules = (
			);
			dependencies = (
			);
			name = Netology.iosdb;
			productName = Netology.iosdb;
			productReference = 0A28BC4B2910E27B00AE0B30 /* Netology.iosdb.app */;
			productType = "com.apple.product-type.application";
		};
/* End PBXNativeTarget section */

/* Begin PBXProject section */
		0A28BC432910E27B00AE0B30 /* Project object */ = {
			isa = PBXProject;
			attributes = {
				BuildIndependentTargetsInParallel = 1;
				LastSwiftUpdateCheck = 1400;
				LastUpgradeCheck = 1400;
				TargetAttributes = {
					0A28BC4A2910E27B00AE0B30 = {
						CreatedOnToolsVersion = 14.0.1;
					};
				};
			};
			buildConfigurationList = 0A28BC462910E27B00AE0B30 /* Build configuration list for PBXProject "Netology.iosdb" */;
			compatibilityVersion = "Xcode 14.0";
			developmentRegion = en;
			hasScannedForEncodings = 0;
			knownRegions = (
				en,
				Base,
			);
			mainGroup = 0A28BC422910E27B00AE0B30;
			productRefGroup = 0A28BC4C2910E27B00AE0B30 /* Products */;
			projectDirPath = "";
			projectRoot = "";
			targets = (
				0A28BC4A2910E27B00AE0B30 /* Netology.iosdb */,
			);
		};
/* End PBXProject section */

/* Begin PBXResourcesBuildPhase section */
		0A28BC492910E27B00AE0B30 /* Resources */ = {
			isa = PBXResourcesBuildPhase;
			buildActionMask = 2147483647;
			files = (
				0A28BC582910E27C00AE0B30 /* Assets.xcassets in Resources */,
			);
			runOnlyForDeploymentPostprocessing = 0;
		};
/* End PBXResourcesBuildPhase section */

/* Begin PBXSourcesBuildPhase section */
		0A28BC472910E27B00AE0B30 /* Sources */ = {
			isa = PBXSourcesBuildPhase;
			buildActionMask = 2147483647;
			files = (
				0A425036291E4A7E00090DD2 /* LoginViewController.swift in Sources */,
				0A425033291CE09F00090DD2 /* MainTabBarViewController.swift in Sources */,
				0A42503D292148C300090DD2 /* CustomButton.swift in Sources */,
				0A28BC532910E27B00AE0B30 /* FilesViewController.swift in Sources */,
				0A425039291E4E9C00090DD2 /* ScreenFlow.swift in Sources */,
				0A42502E291CD9ED00090DD2 /* MainCoordinator.swift in Sources */,
				0A425031291CDB6600090DD2 /* CoordinatorProtocol.swift in Sources */,
				0A42503F29236D0E00090DD2 /* KeyChainService.swift in Sources */,
				0A28BC4F2910E27B00AE0B30 /* AppDelegate.swift in Sources */,
				0A42503B2921454300090DD2 /* SettingsViewController.swift in Sources */,
			);
			runOnlyForDeploymentPostprocessing = 0;
		};
/* End PBXSourcesBuildPhase section */

/* Begin XCBuildConfiguration section */
		0A28BC5D2910E27C00AE0B30 /* Debug */ = {
			isa = XCBuildConfiguration;
			buildSettings = {
				ALWAYS_SEARCH_USER_PATHS = NO;
				CLANG_ANALYZER_NONNULL = YES;
				CLANG_ANALYZER_NUMBER_OBJECT_CONVERSION = YES_AGGRESSIVE;
				CLANG_CXX_LANGUAGE_STANDARD = "gnu++20";
				CLANG_ENABLE_MODULES = YES;
				CLANG_ENABLE_OBJC_ARC = YES;
				CLANG_ENABLE_OBJC_WEAK = YES;
				CLANG_WARN_BLOCK_CAPTURE_AUTORELEASING = YES;
				CLANG_WARN_BOOL_CONVERSION = YES;
				CLANG_WARN_COMMA = YES;
				CLANG_WARN_CONSTANT_CONVERSION = YES;
				CLANG_WARN_DEPRECATED_OBJC_IMPLEMENTATIONS = YES;
				CLANG_WARN_DIRECT_OBJC_ISA_USAGE = YES_ERROR;
				CLANG_WARN_DOCUMENTATION_COMMENTS = YES;
				CLANG_WARN_EMPTY_BODY = YES;
				CLANG_WARN_ENUM_CONVERSION = YES;
				CLANG_WARN_INFINITE_RECURSION = YES;
				CLANG_WARN_INT_CONVERSION = YES;
				CLANG_WARN_NON_LITERAL_NULL_CONVERSION = YES;
				CLANG_WARN_OBJC_IMPLICIT_RETAIN_SELF = YES;
				CLANG_WARN_OBJC_LITERAL_CONVERSION = YES;
				CLANG_WARN_OBJC_ROOT_CLASS = YES_ERROR;
				CLANG_WARN_QUOTED_INCLUDE_IN_FRAMEWORK_HEADER = YES;
				CLANG_WARN_RANGE_LOOP_ANALYSIS = YES;
				CLANG_WARN_STRICT_PROTOTYPES = YES;
				CLANG_WARN_SUSPICIOUS_MOVE = YES;
				CLANG_WARN_UNGUARDED_AVAILABILITY = YES_AGGRESSIVE;
				CLANG_WARN_UNREACHABLE_CODE = YES;
				CLANG_WARN__DUPLICATE_METHOD_MATCH = YES;
				COPY_PHASE_STRIP = NO;
				DEBUG_INFORMATION_FORMAT = dwarf;
				ENABLE_STRICT_OBJC_MSGSEND = YES;
				ENABLE_TESTABILITY = YES;
				GCC_C_LANGUAGE_STANDARD = gnu11;
				GCC_DYNAMIC_NO_PIC = NO;
				GCC_NO_COMMON_BLOCKS = YES;
				GCC_OPTIMIZATION_LEVEL = 0;
				GCC_PREPROCESSOR_DEFINITIONS = (
					"DEBUG=1",
					"$(inherited)",
				);
				GCC_WARN_64_TO_32_BIT_CONVERSION = YES;
				GCC_WARN_ABOUT_RETURN_TYPE = YES_ERROR;
				GCC_WARN_UNDECLARED_SELECTOR = YES;
				GCC_WARN_UNINITIALIZED_AUTOS = YES_AGGRESSIVE;
				GCC_WARN_UNUSED_FUNCTION = YES;
				GCC_WARN_UNUSED_VARIABLE = YES;
				IPHONEOS_DEPLOYMENT_TARGET = 16.0;
				MTL_ENABLE_DEBUG_INFO = INCLUDE_SOURCE;
				MTL_FAST_MATH = YES;
				ONLY_ACTIVE_ARCH = YES;
				SDKROOT = iphoneos;
				SWIFT_ACTIVE_COMPILATION_CONDITIONS = DEBUG;
				SWIFT_OPTIMIZATION_LEVEL = "-Onone";
			};
			name = Debug;
		};
		0A28BC5E2910E27C00AE0B30 /* Release */ = {
			isa = XCBuildConfiguration;
			buildSettings = {
				ALWAYS_SEARCH_USER_PATHS = NO;
				CLANG_ANALYZER_NONNULL = YES;
				CLANG_ANALYZER_NUMBER_OBJECT_CONVERSION = YES_AGGRESSIVE;
				CLANG_CXX_LANGUAGE_STANDARD = "gnu++20";
				CLANG_ENABLE_MODULES = YES;
				CLANG_ENABLE_OBJC_ARC = YES;
				CLANG_ENABLE_OBJC_WEAK = YES;
				CLANG_WARN_BLOCK_CAPTURE_AUTORELEASING = YES;
				CLANG_WARN_BOOL_CONVERSION = YES;
				CLANG_WARN_COMMA = YES;
				CLANG_WARN_CONSTANT_CONVERSION = YES;
				CLANG_WARN_DEPRECATED_OBJC_IMPLEMENTATIONS = YES;
				CLANG_WARN_DIRECT_OBJC_ISA_USAGE = YES_ERROR;
				CLANG_WARN_DOCUMENTATION_COMMENTS = YES;
				CLANG_WARN_EMPTY_BODY = YES;
				CLANG_WARN_ENUM_CONVERSION = YES;
				CLANG_WARN_INFINITE_RECURSION = YES;
				CLANG_WARN_INT_CONVERSION = YES;
				CLANG_WARN_NON_LITERAL_NULL_CONVERSION = YES;
				CLANG_WARN_OBJC_IMPLICIT_RETAIN_SELF = YES;
				CLANG_WARN_OBJC_LITERAL_CONVERSION = YES;
				CLANG_WARN_OBJC_ROOT_CLASS = YES_ERROR;
				CLANG_WARN_QUOTED_INCLUDE_IN_FRAMEWORK_HEADER = YES;
				CLANG_WARN_RANGE_LOOP_ANALYSIS = YES;
				CLANG_WARN_STRICT_PROTOTYPES = YES;
				CLANG_WARN_SUSPICIOUS_MOVE = YES;
				CLANG_WARN_UNGUARDED_AVAILABILITY = YES_AGGRESSIVE;
				CLANG_WARN_UNREACHABLE_CODE = YES;
				CLANG_WARN__DUPLICATE_METHOD_MATCH = YES;
				COPY_PHASE_STRIP = NO;
				DEBUG_INFORMATION_FORMAT = "dwarf-with-dsym";
				ENABLE_NS_ASSERTIONS = NO;
				ENABLE_STRICT_OBJC_MSGSEND = YES;
				GCC_C_LANGUAGE_STANDARD = gnu11;
				GCC_NO_COMMON_BLOCKS = YES;
				GCC_WARN_64_TO_32_BIT_CONVERSION = YES;
				GCC_WARN_ABOUT_RETURN_TYPE = YES_ERROR;
				GCC_WARN_UNDECLARED_SELECTOR = YES;
				GCC_WARN_UNINITIALIZED_AUTOS = YES_AGGRESSIVE;
				GCC_WARN_UNUSED_FUNCTION = YES;
				GCC_WARN_UNUSED_VARIABLE = YES;
				IPHONEOS_DEPLOYMENT_TARGET = 16.0;
				MTL_ENABLE_DEBUG_INFO = NO;
				MTL_FAST_MATH = YES;
				SDKROOT = iphoneos;
				SWIFT_COMPILATION_MODE = wholemodule;
				SWIFT_OPTIMIZATION_LEVEL = "-O";
				VALIDATE_PRODUCT = YES;
			};
			name = Release;
		};
		0A28BC602910E27C00AE0B30 /* Debug */ = {
			isa = XCBuildConfiguration;
			buildSettings = {
				ASSETCATALOG_COMPILER_APPICON_NAME = AppIcon;
				ASSETCATALOG_COMPILER_GLOBAL_ACCENT_COLOR_NAME = AccentColor;
				CODE_SIGN_STYLE = Automatic;
				CURRENT_PROJECT_VERSION = 1;
				DEVELOPMENT_TEAM = 76ZWQT2P26;
				GENERATE_INFOPLIST_FILE = YES;
				INFOPLIST_FILE = Netology.iosdb/Info.plist;
				INFOPLIST_KEY_UIApplicationSupportsIndirectInputEvents = YES;
				INFOPLIST_KEY_UILaunchStoryboardName = LaunchScreen;
				INFOPLIST_KEY_UISupportedInterfaceOrientations_iPad = "UIInterfaceOrientationPortrait UIInterfaceOrientationPortraitUpsideDown UIInterfaceOrientationLandscapeLeft UIInterfaceOrientationLandscapeRight";
				INFOPLIST_KEY_UISupportedInterfaceOrientations_iPhone = "UIInterfaceOrientationPortrait UIInterfaceOrientationLandscapeLeft UIInterfaceOrientationLandscapeRight";
				IPHONEOS_DEPLOYMENT_TARGET = 15.0;
				LD_RUNPATH_SEARCH_PATHS = (
					"$(inherited)",
					"@executable_path/Frameworks",
				);
				MARKETING_VERSION = 1.0;
				PRODUCT_BUNDLE_IDENTIFIER = "Dmitry-Fedotov.Netology-iosdb";
				PRODUCT_NAME = "$(TARGET_NAME)";
				SWIFT_EMIT_LOC_STRINGS = YES;
				SWIFT_VERSION = 5.0;
				TARGETED_DEVICE_FAMILY = "1,2";
			};
			name = Debug;
		};
		0A28BC612910E27C00AE0B30 /* Release */ = {
			isa = XCBuildConfiguration;
			buildSettings = {
				ASSETCATALOG_COMPILER_APPICON_NAME = AppIcon;
				ASSETCATALOG_COMPILER_GLOBAL_ACCENT_COLOR_NAME = AccentColor;
				CODE_SIGN_STYLE = Automatic;
				CURRENT_PROJECT_VERSION = 1;
				DEVELOPMENT_TEAM = 76ZWQT2P26;
				GENERATE_INFOPLIST_FILE = YES;
				INFOPLIST_FILE = Netology.iosdb/Info.plist;
				INFOPLIST_KEY_UIApplicationSupportsIndirectInputEvents = YES;
				INFOPLIST_KEY_UILaunchStoryboardName = LaunchScreen;
				INFOPLIST_KEY_UISupportedInterfaceOrientations_iPad = "UIInterfaceOrientationPortrait UIInterfaceOrientationPortraitUpsideDown UIInterfaceOrientationLandscapeLeft UIInterfaceOrientationLandscapeRight";
				INFOPLIST_KEY_UISupportedInterfaceOrientations_iPhone = "UIInterfaceOrientationPortrait UIInterfaceOrientationLandscapeLeft UIInterfaceOrientationLandscapeRight";
				IPHONEOS_DEPLOYMENT_TARGET = 15.0;
				LD_RUNPATH_SEARCH_PATHS = (
					"$(inherited)",
					"@executable_path/Frameworks",
				);
				MARKETING_VERSION = 1.0;
				PRODUCT_BUNDLE_IDENTIFIER = "Dmitry-Fedotov.Netology-iosdb";
				PRODUCT_NAME = "$(TARGET_NAME)";
				SWIFT_EMIT_LOC_STRINGS = YES;
				SWIFT_VERSION = 5.0;
				TARGETED_DEVICE_FAMILY = "1,2";
			};
			name = Release;
		};
/* End XCBuildConfiguration section */

/* Begin XCConfigurationList section */
		0A28BC462910E27B00AE0B30 /* Build configuration list for PBXProject "Netology.iosdb" */ = {
			isa = XCConfigurationList;
			buildConfigurations = (
				0A28BC5D2910E27C00AE0B30 /* Debug */,
				0A28BC5E2910E27C00AE0B30 /* Release */,
			);
			defaultConfigurationIsVisible = 0;
			defaultConfigurationName = Release;
		};
		0A28BC5F2910E27C00AE0B30 /* Build configuration list for PBXNativeTarget "Netology.iosdb" */ = {
			isa = XCConfigurationList;
			buildConfigurations = (
				0A28BC602910E27C00AE0B30 /* Debug */,
				0A28BC612910E27C00AE0B30 /* Release */,
			);
			defaultConfigurationIsVisible = 0;
			defaultConfigurationName = Release;
		};
/* End XCConfigurationList section */
	};
	rootObject = 0A28BC432910E27B00AE0B30 /* Project object */;
}
